
Microsoft Visual Studio Solution File, Format Version 12.00
# Visual Studio Version 16
VisualStudioVersion = 16.0.30503.244
MinimumVisualStudioVersion = 10.0.40219.1
Project("{FAE04EC0-301F-11D3-BF4B-00C04F79EFBC}") = "BookCatalogNew", "BookCatalogNew\BookCatalogNew.csproj", "{681A3668-9A62-4FED-AA9F-CCE3F2CD3CFB}"
EndProject
Global
	GlobalSection(SolutionConfigurationPlatforms) = preSolution
		Debug|Any CPU = Debug|Any CPU
		Release|Any CPU = Release|Any CPU
	EndGlobalSection
	GlobalSection(ProjectConfigurationPlatforms) = postSolution
		{681A3668-9A62-4FED-AA9F-CCE3F2CD3CFB}.Debug|Any CPU.ActiveCfg = Debug|Any CPU
		{681A3668-9A62-4FED-AA9F-CCE3F2CD3CFB}.Debug|Any CPU.Build.0 = Debug|Any CPU
		{681A3668-9A62-4FED-AA9F-CCE3F2CD3CFB}.Release|Any CPU.ActiveCfg = Release|Any CPU
		{681A3668-9A62-4FED-AA9F-CCE3F2CD3CFB}.Release|Any CPU.Build.0 = Release|Any CPU
	EndGlobalSection
	GlobalSection(SolutionProperties) = preSolution
		HideSolutionNode = FALSE
	EndGlobalSection
	GlobalSection(ExtensibilityGlobals) = postSolution
		SolutionGuid = {7932E8C1-6138-4FA3-A37F-C66326C05272}
	EndGlobalSection
EndGlobal
